Microsoft Visual Studio Solution File, Format Version 12.00
# Visual Studio 15
VisualStudioVersion = 15.0.26730.8
MinimumVisualStudioVersion = 10.0.40219.1
Project("{FAE04EC0-301F-11D3-BF4B-00C04F79EFBC}") = "ManeuverQueue_Project", "ManeuverQueue_KSP1.2\ManeuverQueue_Project.csproj", "{DE91AC52-37ED-45AB-98BF-4C5C3534025D}"
EndProject
Project("{2150E333-8FDC-42A3-9474-1A3956D46DE8}") = "SolutionFolder", "SolutionFolder", "{0AE203D1-2B38-4F17-8FE8-C796E4EFA577}"
	ProjectSection(SolutionItems) = preProject
		buildRelease.bat = buildRelease.bat
		CHANGELOG.md = CHANGELOG.md
		deploy.bat = deploy.bat
		LICENSE.txt = LICENSE.txt
		ManeuverQueue.version = ManeuverQueue.version
		README.md = README.md
	EndProjectSection
EndProject
Global
	GlobalSection(SharedMSBuildProjectFiles) = preSolution
		ManeuverQueue\ManeuverQueue.projitems*{de91ac52-37ed-45ab-98bf-4c5c3534025d}*SharedItemsImports = 4
	EndGlobalSection
	GlobalSection(SolutionConfigurationPlatforms) = preSolution
		Debug|Any CPU = Debug|Any CPU
		Release|Any CPU = Release|Any CPU
	EndGlobalSection
	GlobalSection(ProjectConfigurationPlatforms) = postSolution
		{DE91AC52-37ED-45AB-98BF-4C5C3534025D}.Debug|Any CPU.ActiveCfg = Debug|Any CPU
		{DE91AC52-37ED-45AB-98BF-4C5C3534025D}.Debug|Any CPU.Build.0 = Debug|Any CPU
		{DE91AC52-37ED-45AB-98BF-4C5C3534025D}.Release|Any CPU.ActiveCfg = Release|Any CPU
		{DE91AC52-37ED-45AB-98BF-4C5C3534025D}.Release|Any CPU.Build.0 = Release|Any CPU
	EndGlobalSection
	GlobalSection(SolutionProperties) = preSolution
		HideSolutionNode = FALSE
	EndGlobalSection
	GlobalSection(ExtensibilityGlobals) = postSolution
		SolutionGuid = {B765EBA9-52F7-430A-9030-7FAC78CDBF55}
	EndGlobalSection
	GlobalSection(MonoDevelopProperties) = preSolution
		version = 0.4.2
		description = ManeuverQueue is an add on for Kerbal Space Program that allows you to sort and filter objects displayed in the Tracking Station list.
	EndGlobalSection
EndGlobal
